
Microsoft Visual Studio Solution File, Format Version 12.00
# Visual Studio Version 16
VisualStudioVersion = 16.0.29411.108
MinimumVisualStudioVersion = 10.0.40219.1
Project("{9A19103F-16F7-4668-BE54-9A1E7A4F7556}") = "TelxCCSharp", "TelxCC\TelxCCSharp.csproj", "{1F3C6C9B-87B3-48E8-8C46-8F456184A19D}"
EndProject
Project("{9A19103F-16F7-4668-BE54-9A1E7A4F7556}") = "UnitTests", "..\test\UnitTests\UnitTests.csproj", "{635B1E3B-10CC-4BDF-ABEC-2DD99CCC7EBB}"
EndProject
Project("{2150E333-8FDC-42A3-9474-1A3956D46DE8}") = "Solution Items", "Solution Items", "{F412B693-21CB-415D-9AF0-C2912F59C1F0}"
	ProjectSection(SolutionItems) = preProject
		..\README.md = ..\README.md
	EndProjectSection
EndProject
Global
	GlobalSection(SolutionConfigurationPlatforms) = preSolution
		Debug|Any CPU = Debug|Any CPU
		Release|Any CPU = Release|Any CPU
	EndGlobalSection
	GlobalSection(ProjectConfigurationPlatforms) = postSolution
		{1F3C6C9B-87B3-48E8-8C46-8F456184A19D}.Debug|Any CPU.ActiveCfg = Debug|Any CPU
		{1F3C6C9B-87B3-48E8-8C46-8F456184A19D}.Debug|Any CPU.Build.0 = Debug|Any CPU
		{1F3C6C9B-87B3-48E8-8C46-8F456184A19D}.Release|Any CPU.ActiveCfg = Release|Any CPU
		{1F3C6C9B-87B3-48E8-8C46-8F456184A19D}.Release|Any CPU.Build.0 = Release|Any CPU
		{635B1E3B-10CC-4BDF-ABEC-2DD99CCC7EBB}.Debug|Any CPU.ActiveCfg = Debug|Any CPU
		{635B1E3B-10CC-4BDF-ABEC-2DD99CCC7EBB}.Debug|Any CPU.Build.0 = Debug|Any CPU
		{635B1E3B-10CC-4BDF-ABEC-2DD99CCC7EBB}.Release|Any CPU.ActiveCfg = Release|Any CPU
		{635B1E3B-10CC-4BDF-ABEC-2DD99CCC7EBB}.Release|Any CPU.Build.0 = Release|Any CPU
	EndGlobalSection
	GlobalSection(SolutionProperties) = preSolution
		HideSolutionNode = FALSE
	EndGlobalSection
	GlobalSection(ExtensibilityGlobals) = postSolution
		SolutionGuid = {CD41D92E-D659-4F20-AF14-F2C41E1200E5}
	EndGlobalSection
EndGlobal
